// !$*UTF8*$!
{
	archiveVersion = 1;
	classes = {
	};
	objectVersion = 77;
	objects = {

/* Begin PBXBuildFile section */
		2FAABEF12FAEDE9C0090137A /* WiFiInfrastructure.framework in Frameworks */ = {isa = PBXBuildFile; fileRef = 2FAABEF02FAEDE9C0090137A /* WiFiInfrastructure.framework */; };
/* End PBXBuildFile section */

/* Begin PBXContainerItemProxy section */
		2FAABEF92FAEDE9C0090137A /* PBXContainerItemProxy */ = {
			isa = PBXContainerItemProxy;
			containerPortal = 2F735EC62F77C37E003AE436 /* Project object */;
			proxyType = 1;
			remoteGlobalIDString = 2FAABEED2FAEDE9C0090137A;
			remoteInfo = CachiFriendTests;
		};
		2FAABF0A2FAEDFB70090137A /* PBXContainerItemProxy */ = {
			isa = PBXContainerItemProxy;
			containerPortal = 2F735EC62F77C37E003AE436 /* Project object */;
			proxyType = 1;
			remoteGlobalIDString = 2F735ECD2F77C37E003AE436;
			remoteInfo = CachiFriend;
		};
		2FAABF192FAEE0110090137A /* PBXContainerItemProxy */ = {
			isa = PBXContainerItemProxy;
			containerPortal = 2F735EC62F77C37E003AE436 /* Project object */;
			proxyType = 1;
			remoteGlobalIDString = 2F735ECD2F77C37E003AE436;
			remoteInfo = CachiFriend;
		};
/* End PBXContainerItemProxy section */

/* Begin PBXCopyFilesBuildPhase section */
		2FAABEE72FAED7D80090137A /* Embed Frameworks */ = {
			isa = PBXCopyFilesBuildPhase;
			buildActionMask = 2147483647;
			dstPath = "";
			dstSubfolderSpec = 10;
			files = (
			);
			name = "Embed Frameworks";
			runOnlyForDeploymentPostprocessing = 0;
		};
		2FAABF012FAEDE9C0090137A /* Embed ExtensionKit Extensions */ = {
			isa = PBXCopyFilesBuildPhase;
			buildActionMask = 2147483647;
			dstPath = "$(EXTENSIONS_FOLDER_PATH)";
			dstSubfolderSpec = 16;
			files = (
			);
			name = "Embed ExtensionKit Extensions";
			runOnlyForDeploymentPostprocessing = 0;
		};
/* End PBXCopyFilesBuildPhase section */

/* Begin PBXFileReference section */
		2F2E1D132FB5895C008C0D97 /* CachiFriendTests.appex */ = {isa = PBXFileReference; explicitFileType = "wrapper.extensionkit-extension"; includeInIndex = 0; path = CachiFriendTests.appex; sourceTree = BUILT_PRODUCTS_DIR; };
		2FAABEF02FAEDE9C0090137A /* WiFiInfrastructure.framework */ = {isa = PBXFileReference; lastKnownFileType = wrapper.framework; name = WiFiInfrastructure.framework; path = System/Library/Frameworks/WiFiInfrastructure.framework; sourceTree = SDKROOT; };
		2FAABEFC2FAEDE9C0090137A /* CachiFriend.app */ = {isa = PBXFileReference; explicitFileType = wrapper.application; includeInIndex = 0; path = CachiFriend.app; sourceTree = BUILT_PRODUCTS_DIR; };
		2FAABF062FAEDFB70090137A /* ServiceTests.xctest */ = {isa = PBXFileReference; explicitFileType = wrapper.cfbundle; includeInIndex = 0; path = ServiceTests.xctest; sourceTree = BUILT_PRODUCTS_DIR; };
		2FAABF132FAEE0110090137A /* UITests.xctest */ = {isa = PBXFileReference; explicitFileType = wrapper.cfbundle; includeInIndex = 0; path = UITests.xctest; sourceTree = BUILT_PRODUCTS_DIR; };
		2FAABF1E2FAEE0F40090137A /* CachiFriendTests.xctestplan */ = {isa = PBXFileReference; lastKnownFileType = text; path = CachiFriendTests.xctestplan; sourceTree = "<group>"; };
		2FAABF1F2FAEE19F0090137A /* UITests.xctestplan */ = {isa = PBXFileReference; lastKnownFileType = text; path = UITests.xctestplan; sourceTree = "<group>"; };
/* End PBXFileReference section */

/* Begin PBXFileSystemSynchronizedRootGroup section */
		2F735ED02F77C37E003AE436 /* CachiFriend */ = {
			isa = PBXFileSystemSynchronizedRootGroup;
			path = CachiFriend;
			sourceTree = "<group>";
		};
		2FAABF072FAEDFB70090137A /* ServiceTests */ = {
			isa = PBXFileSystemSynchronizedRootGroup;
			path = ServiceTests;
			sourceTree = "<group>";
		};
		2FAABF142FAEE0110090137A /* UITests */ = {
			isa = PBXFileSystemSynchronizedRootGroup;
			path = UITests;
			sourceTree = "<group>";
		};
/* End PBXFileSystemSynchronizedRootGroup section */

/* Begin PBXFrameworksBuildPhase section */
		2F735ECB2F77C37E003AE436 /* Frameworks */ = {
			isa = PBXFrameworksBuildPhase;
			buildActionMask = 2147483647;
			files = (
			);
			runOnlyForDeploymentPostprocessing = 0;
		};
		2FAABEEB2FAEDE9C0090137A /* Frameworks */ = {
			isa = PBXFrameworksBuildPhase;
			buildActionMask = 2147483647;
			files = (
				2FAABEF12FAEDE9C0090137A /* WiFiInfrastructure.framework in Frameworks */,
			);
			runOnlyForDeploymentPostprocessing = 0;
		};
		2FAABF032FAEDFB70090137A /* Frameworks */ = {
			isa = PBXFrameworksBuildPhase;
			buildActionMask = 2147483647;
			files = (
			);
			runOnlyForDeploymentPostprocessing = 0;
		};
		2FAABF102FAEE0110090137A /* Frameworks */ = {
			isa = PBXFrameworksBuildPhase;
			buildActionMask = 2147483647;
			files = (
			);
			runOnlyForDeploymentPostprocessing = 0;
		};
/* End PBXFrameworksBuildPhase section */

/* Begin PBXGroup section */
		2F735EC52F77C37E003AE436 = {
			isa = PBXGroup;
			children = (
				2FAABF1E2FAEE0F40090137A /* CachiFriendTests.xctestplan */,
				2FAABF1F2FAEE19F0090137A /* UITests.xctestplan */,
				2F735ED02F77C37E003AE436 /* CachiFriend */,
				2FAABF072FAEDFB70090137A /* ServiceTests */,
				2FAABF142FAEE0110090137A /* UITests */,
				2FAABEEF2FAEDE9C0090137A /* Frameworks */,
				2FAABEFC2FAEDE9C0090137A /* CachiFriend.app */,
				2FAABF062FAEDFB70090137A /* ServiceTests.xctest */,
				2FAABF132FAEE0110090137A /* UITests.xctest */,
				2F2E1D132FB5895C008C0D97 /* CachiFriendTests.appex */,
			);
			sourceTree = "<group>";
		};
		2FAABEEF2FAEDE9C0090137A /* Frameworks */ = {
			isa = PBXGroup;
			children = (
				2FAABEF02FAEDE9C0090137A /* WiFiInfrastructure.framework */,
			);
			name = Frameworks;
			sourceTree = "<group>";
		};
/* End PBXGroup section */

/* Begin PBXNativeTarget section */
		2F735ECD2F77C37E003AE436 /* CachiFriend */ = {
			isa = PBXNativeTarget;
			buildConfigurationList = 2F735EDB2F77C37F003AE436 /* Build configuration list for PBXNativeTarget "CachiFriend" */;
			buildPhases = (
				2F735ECA2F77C37E003AE436 /* Sources */,
				2F735ECB2F77C37E003AE436 /* Frameworks */,
				2F735ECC2F77C37E003AE436 /* Resources */,
				2FAABEE72FAED7D80090137A /* Embed Frameworks */,
				2FAABF012FAEDE9C0090137A /* Embed ExtensionKit Extensions */,
			);
			buildRules = (
			);
			dependencies = (
				2FAABEFA2FAEDE9C0090137A /* PBXTargetDependency */,
			);
			fileSystemSynchronizedGroups = (
				2F735ED02F77C37E003AE436 /* CachiFriend */,
			);
			name = CachiFriend;
			packageProductDependencies = (
			);
			productName = CachiFriend;
			productReference = 2FAABEFC2FAEDE9C0090137A /* CachiFriend.app */;
			productType = "com.apple.product-type.application";
		};
		2FAABEED2FAEDE9C0090137A /* CachiFriendTests */ = {
			isa = PBXNativeTarget;
			buildConfigurationList = 2FAABEFE2FAEDE9C0090137A /* Build configuration list for PBXNativeTarget "CachiFriendTests" */;
			buildPhases = (
				2FAABEEA2FAEDE9C0090137A /* Sources */,
				2FAABEEB2FAEDE9C0090137A /* Frameworks */,
				2FAABEEC2FAEDE9C0090137A /* Resources */,
			);
			buildRules = (
			);
			dependencies = (
			);
			name = CachiFriendTests;
			packageProductDependencies = (
			);
			productName = CachiFriendTests;
			productReference = 2F2E1D132FB5895C008C0D97 /* CachiFriendTests.appex */;
			productType = "com.apple.product-type.extensionkit-extension";
		};
		2FAABF052FAEDFB70090137A /* ServiceTests */ = {
			isa = PBXNativeTarget;
			buildConfigurationList = 2FAABF0C2FAEDFB70090137A /* Build configuration list for PBXNativeTarget "ServiceTests" */;
			buildPhases = (
				2FAABF022FAEDFB70090137A /* Sources */,
				2FAABF032FAEDFB70090137A /* Frameworks */,
				2FAABF042FAEDFB70090137A /* Resources */,
			);
			buildRules = (
			);
			dependencies = (
				2FAABF0B2FAEDFB70090137A /* PBXTargetDependency */,
			);
			fileSystemSynchronizedGroups = (
				2FAABF072FAEDFB70090137A /* ServiceTests */,
			);
			name = ServiceTests;
			packageProductDependencies = (
			);
			productName = ServiceTests;
			productReference = 2FAABF062FAEDFB70090137A /* ServiceTests.xctest */;
			productType = "com.apple.product-type.bundle.unit-test";
		};
		2FAABF122FAEE0110090137A /* UITests */ = {
			isa = PBXNativeTarget;
			buildConfigurationList = 2FAABF1B2FAEE0110090137A /* Build configuration list for PBXNativeTarget "UITests" */;
			buildPhases = (
				2FAABF0F2FAEE0110090137A /* Sources */,
				2FAABF102FAEE0110090137A /* Frameworks */,
				2FAABF112FAEE0110090137A /* Resources */,
			);
			buildRules = (
			);
			dependencies = (
				2FAABF1A2FAEE0110090137A /* PBXTargetDependency */,
			);
			fileSystemSynchronizedGroups = (
				2FAABF142FAEE0110090137A /* UITests */,
			);
			name = UITests;
			packageProductDependencies = (
			);
			productName = UITests;
			productReference = 2FAABF132FAEE0110090137A /* UITests.xctest */;
			productType = "com.apple.product-type.bundle.ui-testing";
		};
/* End PBXNativeTarget section */

/* Begin PBXProject section */
		2F735EC62F77C37E003AE436 /* Project object */ = {
			isa = PBXProject;
			attributes = {
				BuildIndependentTargetsInParallel = 1;
				LastSwiftUpdateCheck = 2640;
				LastUpgradeCheck = 2640;
				TargetAttributes = {
					2F735ECD2F77C37E003AE436 = {
						CreatedOnToolsVersion = 26.4;
					};
					2FAABEED2FAEDE9C0090137A = {
						CreatedOnToolsVersion = 26.4.1;
					};
					2FAABF052FAEDFB70090137A = {
						CreatedOnToolsVersion = 26.4.1;
						TestTargetID = 2F735ECD2F77C37E003AE436;
					};
					2FAABF122FAEE0110090137A = {
						CreatedOnToolsVersion = 26.4.1;
						TestTargetID = 2F735ECD2F77C37E003AE436;
					};
				};
			};
			buildConfigurationList = 2F735EC92F77C37E003AE436 /* Build configuration list for PBXProject "CachiFriend" */;
			developmentRegion = en;
			hasScannedForEncodings = 0;
			knownRegions = (
				en,
				Base,
			);
			mainGroup = 2F735EC52F77C37E003AE436;
			minimizedProjectReferenceProxies = 1;
			preferredProjectObjectVersion = 77;
			productRefGroup = 2F735EC52F77C37E003AE436;
			projectDirPath = "";
			projectRoot = "";
			targets = (
				2F735ECD2F77C37E003AE436 /* CachiFriend */,
				2FAABEED2FAEDE9C0090137A /* CachiFriendTests */,
				2FAABF052FAEDFB70090137A /* ServiceTests */,
				2FAABF122FAEE0110090137A /* UITests */,
			);
		};
/* End PBXProject section */

/* Begin PBXResourcesBuildPhase section */
		2F735ECC2F77C37E003AE436 /* Resources */ = {
			isa = PBXResourcesBuildPhase;
			buildActionMask = 2147483647;
			files = (
			);
			runOnlyForDeploymentPostprocessing = 0;
		};
		2FAABEEC2FAEDE9C0090137A /* Resources */ = {
			isa = PBXResourcesBuildPhase;
			buildActionMask = 2147483647;
			files = (
			);
			runOnlyForDeploymentPostprocessing = 0;
		};
		2FAABF042FAEDFB70090137A /* Resources */ = {
			isa = PBXResourcesBuildPhase;
			buildActionMask = 2147483647;
			files = (
			);
			runOnlyForDeploymentPostprocessing = 0;
		};
		2FAABF112FAEE0110090137A /* Resources */ = {
			isa = PBXResourcesBuildPhase;
			buildActionMask = 2147483647;
			files = (
			);
			runOnlyForDeploymentPostprocessing = 0;
		};
/* End PBXResourcesBuildPhase section */

/* Begin PBXSourcesBuildPhase section */
		2F735ECA2F77C37E003AE436 /* Sources */ = {
			isa = PBXSourcesBuildPhase;
			buildActionMask = 2147483647;
			files = (
			);
			runOnlyForDeploymentPostprocessing = 0;
		};
		2FAABEEA2FAEDE9C0090137A /* Sources */ = {
			isa = PBXSourcesBuildPhase;
			buildActionMask = 2147483647;
			files = (
			);
			runOnlyForDeploymentPostprocessing = 0;
		};
		2FAABF022FAEDFB70090137A /* Sources */ = {
			isa = PBXSourcesBuildPhase;
			buildActionMask = 2147483647;
			files = (
			);
			runOnlyForDeploymentPostprocessing = 0;
		};
		2FAABF0F2FAEE0110090137A /* Sources */ = {
			isa = PBXSourcesBuildPhase;
			buildActionMask = 2147483647;
			files = (
			);
			runOnlyForDeploymentPostprocessing = 0;
		};
/* End PBXSourcesBuildPhase section */

/* Begin PBXTargetDependency section */
		2FAABEFA2FAEDE9C0090137A /* PBXTargetDependency */ = {
			isa = PBXTargetDependency;
			target = 2FAABEED2FAEDE9C0090137A /* CachiFriendTests */;
			targetProxy = 2FAABEF92FAEDE9C0090137A /* PBXContainerItemProxy */;
		};
		2FAABF0B2FAEDFB70090137A /* PBXTargetDependency */ = {
			isa = PBXTargetDependency;
			target = 2F735ECD2F77C37E003AE436 /* CachiFriend */;
			targetProxy = 2FAABF0A2FAEDFB70090137A /* PBXContainerItemProxy */;
		};
		2FAABF1A2FAEE0110090137A /* PBXTargetDependency */ = {
			isa = PBXTargetDependency;
			target = 2F735ECD2F77C37E003AE436 /* CachiFriend */;
			targetProxy = 2FAABF192FAEE0110090137A /* PBXContainerItemProxy */;
		};
/* End PBXTargetDependency section */

/* Begin XCBuildConfiguration section */
		2F735ED92F77C37F003AE436 /* Debug */ = {
			isa = XCBuildConfiguration;
			buildSettings = {
				ALWAYS_SEARCH_USER_PATHS = NO;
				ASSETCATALOG_COMPILER_GENERATE_SWIFT_ASSET_SYMBOL_EXTENSIONS = YES;
				CLANG_ANALYZER_NONNULL = YES;
				CLANG_ANALYZER_NUMBER_OBJECT_CONVERSION = YES_AGGRESSIVE;
				CLANG_CXX_LANGUAGE_STANDARD = "gnu++20";
				CLANG_ENABLE_MODULES = YES;
				CLANG_ENABLE_OBJC_ARC = YES;
				CLANG_ENABLE_OBJC_WEAK = YES;
				CLANG_WARN_BLOCK_CAPTURE_AUTORELEASING = YES;
				CLANG_WARN_BOOL_CONVERSION = YES;
				CLANG_WARN_COMMA = YES;
				CLANG_WARN_CONSTANT_CONVERSION = YES;
				CLANG_WARN_DEPRECATED_OBJC_IMPLEMENTATIONS = YES;
				CLANG_WARN_DIRECT_OBJC_ISA_USAGE = YES_ERROR;
				CLANG_WARN_DOCUMENTATION_COMMENTS = YES;
				CLANG_WARN_EMPTY_BODY = YES;
				CLANG_WARN_ENUM_CONVERSION = YES;
				CLANG_WARN_INFINITE_RECURSION = YES;
				CLANG_WARN_INT_CONVERSION = YES;
				CLANG_WARN_NON_LITERAL_NULL_CONVERSION = YES;
				CLANG_WARN_OBJC_IMPLICIT_RETAIN_SELF = YES;
				CLANG_WARN_OBJC_LITERAL_CONVERSION = YES;
				CLANG_WARN_OBJC_ROOT_CLASS = YES_ERROR;
				CLANG_WARN_QUOTED_INCLUDE_IN_FRAMEWORK_HEADER = YES;
				CLANG_WARN_RANGE_LOOP_ANALYSIS = YES;
				CLANG_WARN_STRICT_PROTOTYPES = YES;
				CLANG_WARN_SUSPICIOUS_MOVE = YES;
				CLANG_WARN_UNGUARDED_AVAILABILITY = YES_AGGRESSIVE;
				CLANG_WARN_UNREACHABLE_CODE = YES;
				CLANG_WARN__DUPLICATE_METHOD_MATCH = YES;
				COPY_PHASE_STRIP = NO;
				DEBUG_INFORMATION_FORMAT = dwarf;
				ENABLE_STRICT_OBJC_MSGSEND = YES;
				ENABLE_TESTABILITY = YES;
				ENABLE_USER_SCRIPT_SANDBOXING = YES;
				GCC_C_LANGUAGE_STANDARD = gnu17;
				GCC_DYNAMIC_NO_PIC = NO;
				GCC_NO_COMMON_BLOCKS = YES;
				GCC_OPTIMIZATION_LEVEL = 0;
				GCC_PREPROCESSOR_DEFINITIONS = (
					"DEBUG=1",
					"$(inherited)",
				);
				GCC_WARN_64_TO_32_BIT_CONVERSION = YES;
				GCC_WARN_ABOUT_RETURN_TYPE = YES_ERROR;
				GCC_WARN_UNDECLARED_SELECTOR = YES;
				GCC_WARN_UNINITIALIZED_AUTOS = YES_AGGRESSIVE;
				GCC_WARN_UNUSED_FUNCTION = YES;
				GCC_WARN_UNUSED_VARIABLE = YES;
				IPHONEOS_DEPLOYMENT_TARGET = 26.4;
				LOCALIZATION_PREFERS_STRING_CATALOGS = YES;
				MTL_ENABLE_DEBUG_INFO = INCLUDE_SOURCE;
				MTL_FAST_MATH = YES;
				ONLY_ACTIVE_ARCH = YES;
				SDKROOT = iphoneos;
				SWIFT_ACTIVE_COMPILATION_CONDITIONS = "DEBUG $(inherited)";
				SWIFT_OPTIMIZATION_LEVEL = "-Onone";
			};
			name = Debug;
		};
		2F735EDA2F77C37F003AE436 /* Release */ = {
			isa = XCBuildConfiguration;
			buildSettings = {
				ALWAYS_SEARCH_USER_PATHS = NO;
				ASSETCATALOG_COMPILER_GENERATE_SWIFT_ASSET_SYMBOL_EXTENSIONS = YES;
				CLANG_ANALYZER_NONNULL = YES;
				CLANG_ANALYZER_NUMBER_OBJECT_CONVERSION = YES_AGGRESSIVE;
				CLANG_CXX_LANGUAGE_STANDARD = "gnu++20";
				CLANG_ENABLE_MODULES = YES;
				CLANG_ENABLE_OBJC_ARC = YES;
				CLANG_ENABLE_OBJC_WEAK = YES;
				CLANG_WARN_BLOCK_CAPTURE_AUTORELEASING = YES;
				CLANG_WARN_BOOL_CONVERSION = YES;
				CLANG_WARN_COMMA = YES;
				CLANG_WARN_CONSTANT_CONVERSION = YES;
				CLANG_WARN_DEPRECATED_OBJC_IMPLEMENTATIONS = YES;
				CLANG_WARN_DIRECT_OBJC_ISA_USAGE = YES_ERROR;
				CLANG_WARN_DOCUMENTATION_COMMENTS = YES;
				CLANG_WARN_EMPTY_BODY = YES;
				CLANG_WARN_ENUM_CONVERSION = YES;
				CLANG_WARN_INFINITE_RECURSION = YES;
				CLANG_WARN_INT_CONVERSION = YES;
				CLANG_WARN_NON_LITERAL_NULL_CONVERSION = YES;
				CLANG_WARN_OBJC_IMPLICIT_RETAIN_SELF = YES;
				CLANG_WARN_OBJC_LITERAL_CONVERSION = YES;
				CLANG_WARN_OBJC_ROOT_CLASS = YES_ERROR;
				CLANG_WARN_QUOTED_INCLUDE_IN_FRAMEWORK_HEADER = YES;
				CLANG_WARN_RANGE_LOOP_ANALYSIS = YES;
				CLANG_WARN_STRICT_PROTOTYPES = YES;
				CLANG_WARN_SUSPICIOUS_MOVE = YES;
				CLANG_WARN_UNGUARDED_AVAILABILITY = YES_AGGRESSIVE;
				CLANG_WARN_UNREACHABLE_CODE = YES;
				CLANG_WARN__DUPLICATE_METHOD_MATCH = YES;
				COPY_PHASE_STRIP = NO;
				DEBUG_INFORMATION_FORMAT = "dwarf-with-dsym";
				ENABLE_NS_ASSERTIONS = NO;
				ENABLE_STRICT_OBJC_MSGSEND = YES;
				ENABLE_USER_SCRIPT_SANDBOXING = YES;
				GCC_C_LANGUAGE_STANDARD = gnu17;
				GCC_NO_COMMON_BLOCKS = YES;
				GCC_WARN_64_TO_32_BIT_CONVERSION = YES;
				GCC_WARN_ABOUT_RETURN_TYPE = YES_ERROR;
				GCC_WARN_UNDECLARED_SELECTOR = YES;
				GCC_WARN_UNINITIALIZED_AUTOS = YES_AGGRESSIVE;
				GCC_WARN_UNUSED_FUNCTION = YES;
				GCC_WARN_UNUSED_VARIABLE = YES;
				IPHONEOS_DEPLOYMENT_TARGET = 26.4;
				LOCALIZATION_PREFERS_STRING_CATALOGS = YES;
				MTL_ENABLE_DEBUG_INFO = NO;
				MTL_FAST_MATH = YES;
				SDKROOT = iphoneos;
				SWIFT_COMPILATION_MODE = wholemodule;
				VALIDATE_PRODUCT = YES;
			};
			name = Release;
		};
		2F735EDC2F77C37F003AE436 /* Debug */ = {
			isa = XCBuildConfiguration;
			buildSettings = {
				ASSETCATALOG_COMPILER_APPICON_NAME = AppIcon;
				ASSETCATALOG_COMPILER_GLOBAL_ACCENT_COLOR_NAME = AccentColor;
				CODE_SIGN_STYLE = Automatic;
				CURRENT_PROJECT_VERSION = 1;
				ENABLE_PREVIEWS = YES;
				GENERATE_INFOPLIST_FILE = YES;
				INFOPLIST_KEY_UIApplicationSceneManifest_Generation = YES;
				INFOPLIST_KEY_UIApplicationSupportsIndirectInputEvents = YES;
				INFOPLIST_KEY_UILaunchScreen_Generation = YES;
				INFOPLIST_KEY_UISupportedInterfaceOrientations_iPad = "UIInterfaceOrientationPortrait UIInterfaceOrientationPortraitUpsideDown UIInterfaceOrientationLandscapeLeft UIInterfaceOrientationLandscapeRight";
				INFOPLIST_KEY_UISupportedInterfaceOrientations_iPhone = "UIInterfaceOrientationPortrait UIInterfaceOrientationLandscapeLeft UIInterfaceOrientationLandscapeRight";
				LD_RUNPATH_SEARCH_PATHS = (
					"$(inherited)",
					"@executable_path/Frameworks",
				);
				MARKETING_VERSION = 1.0;
				PRODUCT_BUNDLE_IDENTIFIER = sam.CachiFriend;
				PRODUCT_NAME = "$(TARGET_NAME)";
				STRING_CATALOG_GENERATE_SYMBOLS = YES;
				SWIFT_APPROACHABLE_CONCURRENCY = YES;
				SWIFT_DEFAULT_ACTOR_ISOLATION = MainActor;
				SWIFT_EMIT_LOC_STRINGS = YES;
				SWIFT_UPCOMING_FEATURE_MEMBER_IMPORT_VISIBILITY = YES;
				SWIFT_VERSION = 5.0;
				TARGETED_DEVICE_FAMILY = "1,2";
			};
			name = Debug;
		};
		2F735EDD2F77C37F003AE436 /* Release */ = {
			isa = XCBuildConfiguration;
			buildSettings = {
				ASSETCATALOG_COMPILER_APPICON_NAME = AppIcon;
				ASSETCATALOG_COMPILER_GLOBAL_ACCENT_COLOR_NAME = AccentColor;
				CODE_SIGN_STYLE = Automatic;
				CURRENT_PROJECT_VERSION = 1;
				ENABLE_PREVIEWS = YES;
				GENERATE_INFOPLIST_FILE = YES;
				INFOPLIST_KEY_UIApplicationSceneManifest_Generation = YES;
				INFOPLIST_KEY_UIApplicationSupportsIndirectInputEvents = YES;
				INFOPLIST_KEY_UILaunchScreen_Generation = YES;
				INFOPLIST_KEY_UISupportedInterfaceOrientations_iPad = "UIInterfaceOrientationPortrait UIInterfaceOrientationPortraitUpsideDown UIInterfaceOrientationLandscapeLeft UIInterfaceOrientationLandscapeRight";
				INFOPLIST_KEY_UISupportedInterfaceOrientations_iPhone = "UIInterfaceOrientationPortrait UIInterfaceOrientationLandscapeLeft UIInterfaceOrientationLandscapeRight";
				LD_RUNPATH_SEARCH_PATHS = (
					"$(inherited)",
					"@executable_path/Frameworks",
				);
				MARKETING_VERSION = 1.0;
				PRODUCT_BUNDLE_IDENTIFIER = sam.CachiFriend;
				PRODUCT_NAME = "$(TARGET_NAME)";
				STRING_CATALOG_GENERATE_SYMBOLS = YES;
				SWIFT_APPROACHABLE_CONCURRENCY = YES;
				SWIFT_DEFAULT_ACTOR_ISOLATION = MainActor;
				SWIFT_EMIT_LOC_STRINGS = YES;
				SWIFT_UPCOMING_FEATURE_MEMBER_IMPORT_VISIBILITY = YES;
				SWIFT_VERSION = 5.0;
				TARGETED_DEVICE_FAMILY = "1,2";
			};
			name = Release;
		};
		2FAABEFF2FAEDE9C0090137A /* Debug */ = {
			isa = XCBuildConfiguration;
			buildSettings = {
				CODE_SIGN_ENTITLEMENTS = CachiFriendTests/CachiFriendTests.entitlements;
				CODE_SIGN_STYLE = Automatic;
				CURRENT_PROJECT_VERSION = 1;
				GENERATE_INFOPLIST_FILE = YES;
				INFOPLIST_FILE = CachiFriendTests/Info.plist;
				INFOPLIST_KEY_CFBundleDisplayName = CachiFriendTests;
				INFOPLIST_KEY_NSHumanReadableCopyright = "";
				LD_RUNPATH_SEARCH_PATHS = (
					"$(inherited)",
					"@executable_path/Frameworks",
					"@executable_path/../../Frameworks",
				);
				MARKETING_VERSION = 1.0;
				PRODUCT_BUNDLE_IDENTIFIER = sam.CachiFriend.CachiFriendTests;
				PRODUCT_NAME = "$(TARGET_NAME)";
				SKIP_INSTALL = YES;
				STRING_CATALOG_GENERATE_SYMBOLS = YES;
				SWIFT_APPROACHABLE_CONCURRENCY = YES;
				SWIFT_EMIT_LOC_STRINGS = YES;
				SWIFT_UPCOMING_FEATURE_MEMBER_IMPORT_VISIBILITY = YES;
				SWIFT_VERSION = 5.0;
				TARGETED_DEVICE_FAMILY = "1,2";
			};
			name = Debug;
		};
		2FAABF002FAEDE9C0090137A /* Release */ = {
			isa = XCBuildConfiguration;
			buildSettings = {
				CODE_SIGN_ENTITLEMENTS = CachiFriendTests/CachiFriendTests.entitlements;
				CODE_SIGN_STYLE = Automatic;
				CURRENT_PROJECT_VERSION = 1;
				GENERATE_INFOPLIST_FILE = YES;
				INFOPLIST_FILE = CachiFriendTests/Info.plist;
				INFOPLIST_KEY_CFBundleDisplayName = CachiFriendTests;
				INFOPLIST_KEY_NSHumanReadableCopyright = "";
				LD_RUNPATH_SEARCH_PATHS = (
					"$(inherited)",
					"@executable_path/Frameworks",
					"@executable_path/../../Frameworks",
				);
				MARKETING_VERSION = 1.0;
				PRODUCT_BUNDLE_IDENTIFIER = sam.CachiFriend.CachiFriendTests;
				PRODUCT_NAME = "$(TARGET_NAME)";
				SKIP_INSTALL = YES;
				STRING_CATALOG_GENERATE_SYMBOLS = YES;
				SWIFT_APPROACHABLE_CONCURRENCY = YES;
				SWIFT_EMIT_LOC_STRINGS = YES;
				SWIFT_UPCOMING_FEATURE_MEMBER_IMPORT_VISIBILITY = YES;
				SWIFT_VERSION = 5.0;
				TARGETED_DEVICE_FAMILY = "1,2";
			};
			name = Release;
		};
		2FAABF0D2FAEDFB70090137A /* Debug */ = {
			isa = XCBuildConfiguration;
			buildSettings = {
				BUNDLE_LOADER = "$(TEST_HOST)";
				CODE_SIGN_STYLE = Automatic;
				CURRENT_PROJECT_VERSION = 1;
				GENERATE_INFOPLIST_FILE = YES;
				MARKETING_VERSION = 1.0;
				PRODUCT_BUNDLE_IDENTIFIER = sam.CachiFriend.ServiceTests;
				PRODUCT_NAME = "$(TARGET_NAME)";
				STRING_CATALOG_GENERATE_SYMBOLS = NO;
				SWIFT_APPROACHABLE_CONCURRENCY = YES;
				SWIFT_EMIT_LOC_STRINGS = NO;
				SWIFT_UPCOMING_FEATURE_MEMBER_IMPORT_VISIBILITY = YES;
				SWIFT_VERSION = 5.0;
				TARGETED_DEVICE_FAMILY = "1,2";
				TEST_HOST = "$(BUILT_PRODUCTS_DIR)/CachiFriend.app/$(BUNDLE_EXECUTABLE_FOLDER_PATH)/CachiFriend";
			};
			name = Debug;
		};
		2FAABF0E2FAEDFB70090137A /* Release */ = {
			isa = XCBuildConfiguration;
			buildSettings = {
				BUNDLE_LOADER = "$(TEST_HOST)";
				CODE_SIGN_STYLE = Automatic;
				CURRENT_PROJECT_VERSION = 1;
				GENERATE_INFOPLIST_FILE = YES;
				MARKETING_VERSION = 1.0;
				PRODUCT_BUNDLE_IDENTIFIER = sam.CachiFriend.ServiceTests;
				PRODUCT_NAME = "$(TARGET_NAME)";
				STRING_CATALOG_GENERATE_SYMBOLS = NO;
				SWIFT_APPROACHABLE_CONCURRENCY = YES;
				SWIFT_EMIT_LOC_STRINGS = NO;
				SWIFT_UPCOMING_FEATURE_MEMBER_IMPORT_VISIBILITY = YES;
				SWIFT_VERSION = 5.0;
				TARGETED_DEVICE_FAMILY = "1,2";
				TEST_HOST = "$(BUILT_PRODUCTS_DIR)/CachiFriend.app/$(BUNDLE_EXECUTABLE_FOLDER_PATH)/CachiFriend";
			};
			name = Release;
		};
		2FAABF1C2FAEE0110090137A /* Debug */ = {
			isa = XCBuildConfiguration;
			buildSettings = {
				CODE_SIGN_STYLE = Automatic;
				CURRENT_PROJECT_VERSION = 1;
				GENERATE_INFOPLIST_FILE = YES;
				MARKETING_VERSION = 1.0;
				PRODUCT_BUNDLE_IDENTIFIER = sam.CachiFriend.UITests;
				PRODUCT_NAME = "$(TARGET_NAME)";
				STRING_CATALOG_GENERATE_SYMBOLS = NO;
				SWIFT_APPROACHABLE_CONCURRENCY = YES;
				SWIFT_EMIT_LOC_STRINGS = NO;
				SWIFT_UPCOMING_FEATURE_MEMBER_IMPORT_VISIBILITY = YES;
				SWIFT_VERSION = 5.0;
				TARGETED_DEVICE_FAMILY = "1,2";
				TEST_TARGET_NAME = CachiFriend;
			};
			name = Debug;
		};
		2FAABF1D2FAEE0110090137A /* Release */ = {
			isa = XCBuildConfiguration;
			buildSettings = {
				CODE_SIGN_STYLE = Automatic;
				CURRENT_PROJECT_VERSION = 1;
				GENERATE_INFOPLIST_FILE = YES;
				MARKETING_VERSION = 1.0;
				PRODUCT_BUNDLE_IDENTIFIER = sam.CachiFriend.UITests;
				PRODUCT_NAME = "$(TARGET_NAME)";
				STRING_CATALOG_GENERATE_SYMBOLS = NO;
				SWIFT_APPROACHABLE_CONCURRENCY = YES;
				SWIFT_EMIT_LOC_STRINGS = NO;
				SWIFT_UPCOMING_FEATURE_MEMBER_IMPORT_VISIBILITY = YES;
				SWIFT_VERSION = 5.0;
				TARGETED_DEVICE_FAMILY = "1,2";
				TEST_TARGET_NAME = CachiFriend;
			};
			name = Release;
		};
/* End XCBuildConfiguration section */

/* Begin XCConfigurationList section */
		2F735EC92F77C37E003AE436 /* Build configuration list for PBXProject "CachiFriend" */ = {
			isa = XCConfigurationList;
			buildConfigurations = (
				2F735ED92F77C37F003AE436 /* Debug */,
				2F735EDA2F77C37F003AE436 /* Release */,
			);
			defaultConfigurationIsVisible = 0;
			defaultConfigurationName = Release;
		};
		2F735EDB2F77C37F003AE436 /* Build configuration list for PBXNativeTarget "CachiFriend" */ = {
			isa = XCConfigurationList;
			buildConfigurations = (
				2F735EDC2F77C37F003AE436 /* Debug */,
				2F735EDD2F77C37F003AE436 /* Release */,
			);
			defaultConfigurationIsVisible = 0;
			defaultConfigurationName = Release;
		};
		2FAABEFE2FAEDE9C0090137A /* Build configuration list for PBXNativeTarget "CachiFriendTests" */ = {
			isa = XCConfigurationList;
			buildConfigurations = (
				2FAABEFF2FAEDE9C0090137A /* Debug */,
				2FAABF002FAEDE9C0090137A /* Release */,
			);
			defaultConfigurationIsVisible = 0;
			defaultConfigurationName = Release;
		};
		2FAABF0C2FAEDFB70090137A /* Build configuration list for PBXNativeTarget "ServiceTests" */ = {
			isa = XCConfigurationList;
			buildConfigurations = (
				2FAABF0D2FAEDFB70090137A /* Debug */,
				2FAABF0E2FAEDFB70090137A /* Release */,
			);
			defaultConfigurationIsVisible = 0;
			defaultConfigurationName = Release;
		};
		2FAABF1B2FAEE0110090137A /* Build configuration list for PBXNativeTarget "UITests" */ = {
			isa = XCConfigurationList;
			buildConfigurations = (
				2FAABF1C2FAEE0110090137A /* Debug */,
				2FAABF1D2FAEE0110090137A /* Release */,
			);
			defaultConfigurationIsVisible = 0;
			defaultConfigurationName = Release;
		};
/* End XCConfigurationList section */
	};
	rootObject = 2F735EC62F77C37E003AE436 /* Project object */;
}
